{
  "version": 4,
  "terraform_version": "1.9.5",
  "serial": 83,
  "lineage": "1ce417a4-e456-a6b2-2599-a102d2515c2e",
  "outputs": {
    "public_ip_address": {
      "value": "13.64.249.142",
      "type": "string"
    }
  },
  "resources": [
    {
      "mode": "data",
      "type": "azurerm_client_config",
      "name": "info",
      "provider": "provider[\"registry.terraform.io/hashicorp/azurerm\"]",
      "instances": [
        {
          "schema_version": 0,
          "attributes": {
            "client_id": "04b07795-8ddb-461a-bbee-02f9e1bf7b46",
            "id": "Y2xpZW50Q29uZmlncy9jbGllbnRJZD0wNGIwNzc5NS04ZGRiLTQ2MWEtYmJlZS0wMmY5ZTFiZjdiNDY7b2JqZWN0SWQ9NWE5Nzg3OWYtZTM4OS00NWQzLWIwYmEtZTFlYTJlNTIxMmFiO3N1YnNjcmlwdGlvbklkPTkyMmExNTllLWVhZTItNGQ2Zi05ZDBmLTBkZWZhMjQwN2E4Mzt0ZW5hbnRJZD1kMmNmMzVhOS0zM2Q5LTRlNWMtOGQwOS1mZmRiNGI4MzMxOTU=",
            "object_id": "5a97879f-e389-45d3-b0ba-e1ea2e5212ab",
            "subscription_id": "922a159e-eae2-4d6f-9d0f-0defa2407a83",
            "tenant_id": "d2cf35a9-33d9-4e5c-8d09-ffdb4b833195",
            "timeouts": null
          },
          "sensitive_attributes": []
        }
      ]
    },
    {
      "mode": "managed",
      "type": "azurerm_key_vault",
      "name": "keyvault1",
      "provider": "provider[\"registry.terraform.io/hashicorp/azurerm\"]",
      "instances": [
        {
          "schema_version": 2,
          "attributes": {
            "access_policy": [
              {
                "application_id": "",
                "certificate_permissions": [],
                "key_permissions": [],
                "object_id": "5a97879f-e389-45d3-b0ba-e1ea2e5212ab",
                "secret_permissions": [
                  "Get",
                  "List",
                  "Set"
                ],
                "storage_permissions": [],
                "tenant_id": "d2cf35a9-33d9-4e5c-8d09-ffdb4b833195"
              }
            ],
            "contact": [],
            "enable_rbac_authorization": false,
            "enabled_for_deployment": false,
            "enabled_for_disk_encryption": false,
            "enabled_for_template_deployment": false,
            "id": "/subscriptions/922a159e-eae2-4d6f-9d0f-0defa2407a83/resourceGroups/desa/providers/Microsoft.KeyVault/vaults/key5j8y8486desavault",
            "location": "westus",
            "name": "key5j8y8486desavault",
            "network_acls": [
              {
                "bypass": "AzureServices",
                "default_action": "Allow",
                "ip_rules": [],
                "virtual_network_subnet_ids": []
              }
            ],
            "public_network_access_enabled": true,
            "purge_protection_enabled": false,
            "resource_group_name": "desa",
            "sku_name": "standard",
            "soft_delete_retention_days": 90,
            "tags": {},
            "tenant_id": "d2cf35a9-33d9-4e5c-8d09-ffdb4b833195",
            "timeouts": null,
            "vault_uri": "https://key5j8y8486desavault.vault.azure.net/"
          },
          "sensitive_attributes": [],
          "private": "eyJlMmJmYjczMC1lY2FhLTExZTYtOGY4OC0zNDM2M2JjN2M0YzAiOnsiY3JlYXRlIjoxODAwMDAwMDAwMDAwLCJkZWxldGUiOjE4MDAwMDAwMDAwMDAsInJlYWQiOjMwMDAwMDAwMDAwMCwidXBkYXRlIjoxODAwMDAwMDAwMDAwfSwic2NoZW1hX3ZlcnNpb24iOiIyIn0=",
          "dependencies": [
            "azurerm_resource_group.reto1",
            "data.azurerm_client_config.info",
            "random_string.random_suffix"
          ]
        }
      ]
    },
    {
      "mode": "managed",
      "type": "azurerm_key_vault_secret",
      "name": "pass_public_key",
      "provider": "provider[\"registry.terraform.io/hashicorp/azurerm\"]",
      "instances": [
        {
          "schema_version": 0,
          "attributes": {
            "content_type": "",
            "expiration_date": null,
            "id": "https://key5j8y8486desavault.vault.azure.net/secrets/privatekey/3a30d4dd5fc547239e647b7fc49d382e",
            "key_vault_id": "/subscriptions/922a159e-eae2-4d6f-9d0f-0defa2407a83/resourceGroups/desa/providers/Microsoft.KeyVault/vaults/key5j8y8486desavault",
            "name": "privatekey",
            "not_before_date": null,
            "resource_id": "/subscriptions/922a159e-eae2-4d6f-9d0f-0defa2407a83/resourceGroups/desa/providers/Microsoft.KeyVault/vaults/key5j8y8486desavault/secrets/privatekey/versions/3a30d4dd5fc547239e647b7fc49d382e",
            "resource_versionless_id": "/subscriptions/922a159e-eae2-4d6f-9d0f-0defa2407a83/resourceGroups/desa/providers/Microsoft.KeyVault/vaults/key5j8y8486desavault/secrets/privatekey",
            "tags": {},
            "timeouts": null,
            "value": "-----BEGIN OPENSSH PRIVATE KEY-----\nb3BlbnNzaC1rZXktdjEAAAAABG5vbmUAAAAEbm9uZQAAAAAAAAABAAACFwAAAAdz\nc2gtcnNhAAAAAwEAAQAAAgEAviOGR/zrRYHAjkq+IOBdZf1s3V3CrjW89fFxZVLL\nxRCvwh3yHySa81IEjc5qdJrCgFyPEaIotIZ52hHq3YkgrSh+gxmMXf35Fvhcxsdn\nxp55QiCCLCLxcPLc5Q2l33X5KaJM8xIxUXm/mz/KAKPFiODG53pMreCGr3QJUyUZ\nIY4Df5u/d2a7veCUg4Fvazx9J3zMb0M16DAcLFN3NQjjLzMuU1efuPl28TOJwJQc\nKEUPkGOla5qg2DDaelsxpmv4Z2XMtg1YTM/0fvaRY4eT2JHzpnX4/ZOgL3bS3YTt\nuZaNBdS0In6pOACtauQ91wxVWFBZJfUks27L88mXoz+FaQkA3MTPzISeDFckMo1d\n0yF4jHKlPhApdYkhai71qsIwKwltMtJRRdk4tAKfGq9NN9Tz6Wc+qwLhXRM7GXfy\nLu6VlalpN/IjEZ5hyGG+vWqfNjwu2LMcqTP3EeND15YE7kA7rhyY3HmuS1qxheHt\nl5YAUUWOENF3C4SE87fCDoMXsaijUyifI0pRzqCt2Fgy4yxg9JC+tm4EEzDwZZHS\nSL2jhN3wUO7DEkTmU1nyl47pavUHfxGl2B7ELWqefBX/SNitMncK2d5KO59QLYoE\nWgek4FL6fJmzLeM+CwHF+ZJpDzutG77+NhXtBI46tC/X0oPOOkcYt0Yg3G6JfERs\nmDMAAAc4wo9FjMKPRYwAAAAHc3NoLXJzYQAAAgEAviOGR/zrRYHAjkq+IOBdZf1s\n3V3CrjW89fFxZVLLxRCvwh3yHySa81IEjc5qdJrCgFyPEaIotIZ52hHq3YkgrSh+\ngxmMXf35Fvhcxsdnxp55QiCCLCLxcPLc5Q2l33X5KaJM8xIxUXm/mz/KAKPFiODG\n53pMreCGr3QJUyUZIY4Df5u/d2a7veCUg4Fvazx9J3zMb0M16DAcLFN3NQjjLzMu\nU1efuPl28TOJwJQcKEUPkGOla5qg2DDaelsxpmv4Z2XMtg1YTM/0fvaRY4eT2JHz\npnX4/ZOgL3bS3YTtuZaNBdS0In6pOACtauQ91wxVWFBZJfUks27L88mXoz+FaQkA\n3MTPzISeDFckMo1d0yF4jHKlPhApdYkhai71qsIwKwltMtJRRdk4tAKfGq9NN9Tz\n6Wc+qwLhXRM7GXfyLu6VlalpN/IjEZ5hyGG+vWqfNjwu2LMcqTP3EeND15YE7kA7\nrhyY3HmuS1qxheHtl5YAUUWOENF3C4SE87fCDoMXsaijUyifI0pRzqCt2Fgy4yxg\n9JC+tm4EEzDwZZHSSL2jhN3wUO7DEkTmU1nyl47pavUHfxGl2B7ELWqefBX/SNit\nMncK2d5KO59QLYoEWgek4FL6fJmzLeM+CwHF+ZJpDzutG77+NhXtBI46tC/X0oPO\nOkcYt0Yg3G6JfERsmDMAAAADAQABAAACAB635o3i0q/cEpvqf2UYWn6LvvbUmwtC\nK1EgvM093yXrWDnoVKGrbE07RvkSDCjih+HtEkArDqB7yVvt4SABc4IGNMpBamgV\nDBUl8vc6aA2ytKx2TBGNY6x30DBBUDcV/Dc5vWzX15fuL4KJf70yuEsw5XGoVJMS\n3y+hc5A3QiQlqXMIWpqTwmkey1+jnbiZgS7L/stK9H6apzKSGYQ791g80JMuaOOd\nihXV2b9/Lj1jSuxs7ODBjpLe8a0q5o6Yiv1JeRVAeq+OOVX5x+toj/5BNjgCf0OY\nghyo+dBIFZASPp5eiuu3wucFVP8b+NGxcGhgMsbrIA7NK64rN5BsRsU2AODoxNS3\npKmQUiBulBBF9Thljd0v1cM1QnRo25K0Q3TxjSeaOa/RRrHaMU3kEclhkn91/tbI\naQ9sghG1IaV9cAS4P7mXfeG2cU6/QwD0jDOHAGweT56dfavtYZQCRxrE4w/XGC50\nGSUubDl7Bzg7Y6+BImOLg564d7idRLTiBvPCwtX7ZYaavuLN6KhVFNaivrNER1Bj\nw8lDV9Yn3Vb75uGXmVFxswWoAPSo95SXy9GGkxU3v9zVHnfMDS3yXFX7sQknwxyr\nUmrWbd33HSThQwOq0G4SUWCIdVNwEgl/HBYod82C/dltORsTps0yK4tolsYx/+aV\nJG1VjbN4eNsBAAABAQDpdO26K+0qOei2N78m1D+Cmg8Yij9/yoHSdcR4wWWDls0y\nUEmoVS3JihNZmo3o2vSC3ijKsI/1GnlDivodxNVjgjtHhR8FYVyOY1Ur2Wrnz8zD\ncCk5BrlsJGji/N7OMKwVCX8tRkOq1GyWuCcItI5QV+ppL7U481nHWSVBn6XO0oLf\nVJTIwtjC2dyhag0b0PyDeT/CE5IpcJReqVSl2cA5JGZsv4G3rheTE1bto3brh2Qk\nOGbniu+RQItu4YdTUVVPoIIUvMzPvYabMMXhcjzBXYBaLDg9d4k3JWlr6agREvac\n86niG4Y/oEGziNwMnLb3o/N8pN2ejx4iJepKIdAzAAABAQDqLUrK/21IaFHugsmw\nvWj+k+QUjnpL6FR+GL558EufQs/zJwr4ZIMkUwjIVgeTm1RKEERiz2CzuK7+Yz7t\nqBMBN09r2MZ0OZ9OzKXwupN9kgn02D45gxgcNfxm0VjmlSmeBcM+eqhzQW3gEL0D\nweZ50ZwYIBONuqTiYY9+lS9xrb1hA6TRCUmYru+/Ybi1tAxxl0Gfmu8avyfeJQ4z\nrQQQDbIzM6xVKpg21wbOo1ed/0Icp/cp7RmLwN4OHdx4ImZEp7FIdkyy4DvJ4QID\nK2ASovEcapv5SJ0pNx3vlqHFsL0ArjtbLSiDy0WyH3lDxEE95lalZ4ZSBXo/Lyr7\nUdZTAAABAQDP25+rVmFyuQkcCoTLfxOHcFn2dFEeza00Skx2D6JCZ0g0G5LthsaA\n5sD3ehsy6fKMcIflC0Ua10Be47IiJRnrG311ER/Jv3GgQ93bpg54YyY0ev0nNN2p\nsAcyCdFIKxONRrpctxHIJtBWIhe1DPR0xhc5kdp/nyO0pe2hA20S3lqPnML8G0Qr\nKzLnmMNUCF8zvm5+YByNSvzAuw6liDvY3iDZFsEndnMEtk6HVqiyVM1ksHwiZoYq\nrR3Ige3eaX9yStPaPWcBdmxTVn+kwOUbBLd2SzCKxA2KAyghCwmgrVypfdAr1cgn\nM9LccqNyGmVcrWg0746kurUFNYquQjqhAAAAAAEC\n-----END OPENSSH PRIVATE KEY-----\n",
            "version": "3a30d4dd5fc547239e647b7fc49d382e",
            "versionless_id": "https://key5j8y8486desavault.vault.azure.net/secrets/privatekey"
          },
          "sensitive_attributes": [
            [
              {
                "type": "get_attr",
                "value": "value"
              }
            ]
          ],
          "private": "eyJlMmJmYjczMC1lY2FhLTExZTYtOGY4OC0zNDM2M2JjN2M0YzAiOnsiY3JlYXRlIjoxODAwMDAwMDAwMDAwLCJkZWxldGUiOjE4MDAwMDAwMDAwMDAsInJlYWQiOjE4MDAwMDAwMDAwMDAsInVwZGF0ZSI6MTgwMDAwMDAwMDAwMH19",
          "dependencies": [
            "azurerm_key_vault.keyvault1",
            "azurerm_resource_group.reto1",
            "data.azurerm_client_config.info",
            "random_string.random_suffix",
            "tls_private_key.keysvm1"
          ]
        }
      ]
    },
    {
      "mode": "managed",
      "type": "azurerm_key_vault_secret",
      "name": "pass_secret",
      "provider": "provider[\"registry.terraform.io/hashicorp/azurerm\"]",
      "instances": [
        {
          "schema_version": 0,
          "attributes": {
            "content_type": "",
            "expiration_date": null,
            "id": "https://key5j8y8486desavault.vault.azure.net/secrets/passvm/b719ab3ea66342fdb03ef2a672944aef",
            "key_vault_id": "/subscriptions/922a159e-eae2-4d6f-9d0f-0defa2407a83/resourceGroups/desa/providers/Microsoft.KeyVault/vaults/key5j8y8486desavault",
            "name": "passvm",
            "not_before_date": null,
            "resource_id": "/subscriptions/922a159e-eae2-4d6f-9d0f-0defa2407a83/resourceGroups/desa/providers/Microsoft.KeyVault/vaults/key5j8y8486desavault/secrets/passvm/versions/b719ab3ea66342fdb03ef2a672944aef",
            "resource_versionless_id": "/subscriptions/922a159e-eae2-4d6f-9d0f-0defa2407a83/resourceGroups/desa/providers/Microsoft.KeyVault/vaults/key5j8y8486desavault/secrets/passvm",
            "tags": {},
            "timeouts": null,
            "value": "PM}RhSYJVK5}]5V#",
            "version": "b719ab3ea66342fdb03ef2a672944aef",
            "versionless_id": "https://key5j8y8486desavault.vault.azure.net/secrets/passvm"
          },
          "sensitive_attributes": [
            [
              {
                "type": "get_attr",
                "value": "value"
              }
            ]
          ],
          "private": "eyJlMmJmYjczMC1lY2FhLTExZTYtOGY4OC0zNDM2M2JjN2M0YzAiOnsiY3JlYXRlIjoxODAwMDAwMDAwMDAwLCJkZWxldGUiOjE4MDAwMDAwMDAwMDAsInJlYWQiOjE4MDAwMDAwMDAwMDAsInVwZGF0ZSI6MTgwMDAwMDAwMDAwMH19",
          "dependencies": [
            "azurerm_key_vault.keyvault1",
            "azurerm_resource_group.reto1",
            "data.azurerm_client_config.info",
            "random_password.name",
            "random_string.random_suffix"
          ]
        }
      ]
    },
    {
      "mode": "managed",
      "type": "azurerm_log_analytics_workspace",
      "name": "law",
      "provider": "provider[\"registry.terraform.io/hashicorp/azurerm\"]",
      "instances": [
        {
          "schema_version": 3,
          "attributes": {
            "allow_resource_only_permissions": true,
            "cmk_for_query_forced": false,
            "daily_quota_gb": -1,
            "data_collection_rule_id": "",
            "id": "/subscriptions/922a159e-eae2-4d6f-9d0f-0defa2407a83/resourceGroups/desa/providers/Microsoft.OperationalInsights/workspaces/desa-law",
            "identity": [],
            "immediate_data_purge_on_30_days_enabled": false,
            "internet_ingestion_enabled": true,
            "internet_query_enabled": true,
            "local_authentication_disabled": false,
            "location": "westus",
            "name": "desa-law",
            "primary_shared_key": "6UoyeWnd5MKlvJVMYP+rGkoFW7bJ7PP5GIr3FcdnQHFYYebldI8Ct0Xlk1ZgwXGxgGGsBCf+1schb6QzfhIKWw==",
            "reservation_capacity_in_gb_per_day": null,
            "resource_group_name": "desa",
            "retention_in_days": 30,
            "secondary_shared_key": "boQraISOtCEQLtiTTY+7PdMNR8kXV1z7YK07TNosQ3MIngQ2vA/qC479o1wmBeQy1AUtSViNJvylsG05uIHIiQ==",
            "sku": "PerGB2018",
            "tags": {},
            "timeouts": null,
            "workspace_id": "8420f56f-c0af-49c7-943b-0815cc56b5f1"
          },
          "sensitive_attributes": [
            [
              {
                "type": "get_attr",
                "value": "secondary_shared_key"
              }
            ],
            [
              {
                "type": "get_attr",
                "value": "primary_shared_key"
              }
            ]
          ],
          "private": "eyJlMmJmYjczMC1lY2FhLTExZTYtOGY4OC0zNDM2M2JjN2M0YzAiOnsiY3JlYXRlIjoxODAwMDAwMDAwMDAwLCJkZWxldGUiOjE4MDAwMDAwMDAwMDAsInJlYWQiOjMwMDAwMDAwMDAwMCwidXBkYXRlIjoxODAwMDAwMDAwMDAwfSwic2NoZW1hX3ZlcnNpb24iOiIzIn0=",
          "dependencies": [
            "azurerm_resource_group.reto1"
          ]
        }
      ]
    },
    {
      "mode": "managed",
      "type": "azurerm_monitor_action_group",
      "name": "main",
      "provider": "provider[\"registry.terraform.io/hashicorp/azurerm\"]",
      "instances": [
        {
          "schema_version": 1,
          "attributes": {
            "arm_role_receiver": [],
            "automation_runbook_receiver": [],
            "azure_app_push_receiver": [],
            "azure_function_receiver": [],
            "email_receiver": [
              {
                "email_address": "raulmarto-testeo@hotmail.com",
                "name": "sendtoadmin",
                "use_common_alert_schema": false
              }
            ],
            "enabled": true,
            "event_hub_receiver": [],
            "id": "/subscriptions/922a159e-eae2-4d6f-9d0f-0defa2407a83/resourceGroups/desa/providers/Microsoft.Insights/actionGroups/example-actiongroup",
            "itsm_receiver": [],
            "location": "global",
            "logic_app_receiver": [],
            "name": "example-actiongroup",
            "resource_group_name": "desa",
            "short_name": "exampleact",
            "sms_receiver": [],
            "tags": {},
            "timeouts": null,
            "voice_receiver": [],
            "webhook_receiver": []
          },
          "sensitive_attributes": [],
          "private": "eyJlMmJmYjczMC1lY2FhLTExZTYtOGY4OC0zNDM2M2JjN2M0YzAiOnsiY3JlYXRlIjoxODAwMDAwMDAwMDAwLCJkZWxldGUiOjE4MDAwMDAwMDAwMDAsInJlYWQiOjMwMDAwMDAwMDAwMCwidXBkYXRlIjoxODAwMDAwMDAwMDAwfSwic2NoZW1hX3ZlcnNpb24iOiIxIn0=",
          "dependencies": [
            "azurerm_resource_group.reto1"
          ]
        }
      ]
    },
    {
      "mode": "managed",
      "type": "azurerm_monitor_metric_alert",
      "name": "alert1",
      "provider": "provider[\"registry.terraform.io/hashicorp/azurerm\"]",
      "instances": [
        {
          "schema_version": 1,
          "attributes": {
            "action": [
              {
                "action_group_id": "/subscriptions/922a159e-eae2-4d6f-9d0f-0defa2407a83/resourceGroups/desa/providers/Microsoft.Insights/actionGroups/example-actiongroup",
                "webhook_properties": {}
              }
            ],
            "application_insights_web_test_location_availability_criteria": [],
            "auto_mitigate": true,
            "criteria": [
              {
                "aggregation": "Average",
                "dimension": [],
                "metric_name": "Percentage CPU",
                "metric_namespace": "Microsoft.Compute/virtualMachines",
                "operator": "GreaterThan",
                "skip_metric_validation": false,
                "threshold": 80
              }
            ],
            "description": "",
            "dynamic_criteria": [],
            "enabled": true,
            "frequency": "PT1M",
            "id": "/subscriptions/922a159e-eae2-4d6f-9d0f-0defa2407a83/resourceGroups/desa/providers/Microsoft.Insights/metricAlerts/example-metricalert",
            "name": "example-metricalert",
            "resource_group_name": "desa",
            "scopes": [
              "/subscriptions/922a159e-eae2-4d6f-9d0f-0defa2407a83/resourceGroups/desa/providers/Microsoft.Compute/virtualMachines/desa-VM",
              "/subscriptions/922a159e-eae2-4d6f-9d0f-0defa2407a83/resourceGroups/desa/providers/Microsoft.Compute/virtualMachines/desa-VM2"
            ],
            "severity": 3,
            "tags": {},
            "target_resource_location": "westus",
            "target_resource_type": "Microsoft.Compute/virtualMachines",
            "timeouts": null,
            "window_size": "PT5M"
          },
          "sensitive_attributes": [],
          "private": "eyJlMmJmYjczMC1lY2FhLTExZTYtOGY4OC0zNDM2M2JjN2M0YzAiOnsiY3JlYXRlIjoxODAwMDAwMDAwMDAwLCJkZWxldGUiOjE4MDAwMDAwMDAwMDAsInJlYWQiOjMwMDAwMDAwMDAwMCwidXBkYXRlIjoxODAwMDAwMDAwMDAwfSwic2NoZW1hX3ZlcnNpb24iOiIxIn0=",
          "dependencies": [
            "azurerm_monitor_action_group.main",
            "azurerm_network_interface.ni2reto1",
            "azurerm_network_interface.nireto1",
            "azurerm_public_ip.pireto1",
            "azurerm_resource_group.reto1",
            "azurerm_subnet.sb2reto1",
            "azurerm_subnet.sbreto1",
            "azurerm_virtual_machine.reto1vm",
            "azurerm_virtual_machine.reto1vm2",
            "azurerm_virtual_network.vnreto1",
            "random_password.name",
            "tls_private_key.keysvm1"
          ]
        }
      ]
    },
    {
      "mode": "managed",
      "type": "azurerm_network_interface",
      "name": "ni2reto1",
      "provider": "provider[\"registry.terraform.io/hashicorp/azurerm\"]",
      "instances": [
        {
          "schema_version": 0,
          "attributes": {
            "accelerated_networking_enabled": false,
            "applied_dns_servers": [],
            "auxiliary_mode": "",
            "auxiliary_sku": "",
            "dns_servers": [],
            "edge_zone": "",
            "id": "/subscriptions/922a159e-eae2-4d6f-9d0f-0defa2407a83/resourceGroups/desa/providers/Microsoft.Network/networkInterfaces/desa-NIC2",
            "internal_dns_name_label": "",
            "internal_domain_name_suffix": "f35i0tzgc0quvdr5kmmqwu2j5c.dx.internal.cloudapp.net",
            "ip_configuration": [
              {
                "gateway_load_balancer_frontend_ip_configuration_id": "",
                "name": "desa-IP-NIC",
                "primary": true,
                "private_ip_address": "10.0.2.5",
                "private_ip_address_allocation": "Static",
                "private_ip_address_version": "IPv4",
                "public_ip_address_id": "",
                "subnet_id": "/subscriptions/922a159e-eae2-4d6f-9d0f-0defa2407a83/resourceGroups/desa/providers/Microsoft.Network/virtualNetworks/desa-VNET/subnets/desa-SUBNET2-back"
              }
            ],
            "ip_forwarding_enabled": false,
            "location": "westus",
            "mac_address": "00-22-48-02-F2-FB",
            "name": "desa-NIC2",
            "private_ip_address": "10.0.2.5",
            "private_ip_addresses": [
              "10.0.2.5"
            ],
            "resource_group_name": "desa",
            "tags": {},
            "timeouts": null,
            "virtual_machine_id": "/subscriptions/922a159e-eae2-4d6f-9d0f-0defa2407a83/resourceGroups/desa/providers/Microsoft.Compute/virtualMachines/desa-VM2"
          },
          "sensitive_attributes": [],
          "private": "eyJlMmJmYjczMC1lY2FhLTExZTYtOGY4OC0zNDM2M2JjN2M0YzAiOnsiY3JlYXRlIjoxODAwMDAwMDAwMDAwLCJkZWxldGUiOjE4MDAwMDAwMDAwMDAsInJlYWQiOjMwMDAwMDAwMDAwMCwidXBkYXRlIjoxODAwMDAwMDAwMDAwfX0=",
          "dependencies": [
            "azurerm_resource_group.reto1",
            "azurerm_subnet.sb2reto1",
            "azurerm_virtual_network.vnreto1"
          ]
        }
      ]
    },
    {
      "mode": "managed",
      "type": "azurerm_network_interface",
      "name": "nireto1",
      "provider": "provider[\"registry.terraform.io/hashicorp/azurerm\"]",
      "instances": [
        {
          "schema_version": 0,
          "attributes": {
            "accelerated_networking_enabled": false,
            "applied_dns_servers": [],
            "auxiliary_mode": "",
            "auxiliary_sku": "",
            "dns_servers": [],
            "edge_zone": "",
            "id": "/subscriptions/922a159e-eae2-4d6f-9d0f-0defa2407a83/resourceGroups/desa/providers/Microsoft.Network/networkInterfaces/desa-NIC",
            "internal_dns_name_label": "",
            "internal_domain_name_suffix": "f35i0tzgc0quvdr5kmmqwu2j5c.dx.internal.cloudapp.net",
            "ip_configuration": [
              {
                "gateway_load_balancer_frontend_ip_configuration_id": "",
                "name": "desa-IP-NIC",
                "primary": true,
                "private_ip_address": "10.0.1.5",
                "private_ip_address_allocation": "Static",
                "private_ip_address_version": "IPv4",
                "public_ip_address_id": "/subscriptions/922a159e-eae2-4d6f-9d0f-0defa2407a83/resourceGroups/desa/providers/Microsoft.Network/publicIPAddresses/desa-Public-ip",
                "subnet_id": "/subscriptions/922a159e-eae2-4d6f-9d0f-0defa2407a83/resourceGroups/desa/providers/Microsoft.Network/virtualNetworks/desa-VNET/subnets/desa-SUBNET-back"
              }
            ],
            "ip_forwarding_enabled": false,
            "location": "westus",
            "mac_address": "00-22-48-08-C5-26",
            "name": "desa-NIC",
            "private_ip_address": "10.0.1.5",
            "private_ip_addresses": [
              "10.0.1.5"
            ],
            "resource_group_name": "desa",
            "tags": {},
            "timeouts": null,
            "virtual_machine_id": "/subscriptions/922a159e-eae2-4d6f-9d0f-0defa2407a83/resourceGroups/desa/providers/Microsoft.Compute/virtualMachines/desa-VM"
          },
          "sensitive_attributes": [],
          "private": "eyJlMmJmYjczMC1lY2FhLTExZTYtOGY4OC0zNDM2M2JjN2M0YzAiOnsiY3JlYXRlIjoxODAwMDAwMDAwMDAwLCJkZWxldGUiOjE4MDAwMDAwMDAwMDAsInJlYWQiOjMwMDAwMDAwMDAwMCwidXBkYXRlIjoxODAwMDAwMDAwMDAwfX0=",
          "dependencies": [
            "azurerm_public_ip.pireto1",
            "azurerm_resource_group.reto1",
            "azurerm_subnet.sbreto1",
            "azurerm_virtual_network.vnreto1"
          ]
        }
      ]
    },
    {
      "mode": "managed",
      "type": "azurerm_network_interface_security_group_association",
      "name": "nisgreto1",
      "provider": "provider[\"registry.terraform.io/hashicorp/azurerm\"]",
      "instances": [
        {
          "schema_version": 0,
          "attributes": {
            "id": "/subscriptions/922a159e-eae2-4d6f-9d0f-0defa2407a83/resourceGroups/desa/providers/Microsoft.Network/networkInterfaces/desa-NIC|/subscriptions/922a159e-eae2-4d6f-9d0f-0defa2407a83/resourceGroups/desa/providers/Microsoft.Network/networkSecurityGroups/desa-NSG",
            "network_interface_id": "/subscriptions/922a159e-eae2-4d6f-9d0f-0defa2407a83/resourceGroups/desa/providers/Microsoft.Network/networkInterfaces/desa-NIC",
            "network_security_group_id": "/subscriptions/922a159e-eae2-4d6f-9d0f-0defa2407a83/resourceGroups/desa/providers/Microsoft.Network/networkSecurityGroups/desa-NSG",
            "timeouts": null
          },
          "sensitive_attributes": [],
          "private": "eyJlMmJmYjczMC1lY2FhLTExZTYtOGY4OC0zNDM2M2JjN2M0YzAiOnsiY3JlYXRlIjoxODAwMDAwMDAwMDAwLCJkZWxldGUiOjE4MDAwMDAwMDAwMDAsInJlYWQiOjMwMDAwMDAwMDAwMH19",
          "dependencies": [
            "azurerm_network_interface.nireto1",
            "azurerm_network_security_group.nsgreto1",
            "azurerm_public_ip.pireto1",
            "azurerm_resource_group.reto1",
            "azurerm_subnet.sbreto1",
            "azurerm_virtual_network.vnreto1"
          ]
        }
      ]
    },
    {
      "mode": "managed",
      "type": "azurerm_network_security_group",
      "name": "nsgreto1",
      "provider": "provider[\"registry.terraform.io/hashicorp/azurerm\"]",
      "instances": [
        {
          "schema_version": 0,
          "attributes": {
            "id": "/subscriptions/922a159e-eae2-4d6f-9d0f-0defa2407a83/resourceGroups/desa/providers/Microsoft.Network/networkSecurityGroups/desa-NSG",
            "location": "westus",
            "name": "desa-NSG",
            "resource_group_name": "desa",
            "security_rule": [
              {
                "access": "Allow",
                "description": "",
                "destination_address_prefix": "",
                "destination_address_prefixes": [
                  "10.0.1.0/24"
                ],
                "destination_application_security_group_ids": [],
                "destination_port_range": "22",
                "destination_port_ranges": [],
                "direction": "Inbound",
                "name": "allow-ssh",
                "priority": 101,
                "protocol": "Tcp",
                "source_address_prefix": "",
                "source_address_prefixes": [
                  "167.249.0.0/16"
                ],
                "source_application_security_group_ids": [],
                "source_port_range": "*",
                "source_port_ranges": []
              },
              {
                "access": "Allow",
                "description": "",
                "destination_address_prefix": "10.0.1.5",
                "destination_address_prefixes": [],
                "destination_application_security_group_ids": [],
                "destination_port_range": "",
                "destination_port_ranges": [
                  "80"
                ],
                "direction": "Inbound",
                "name": "allow-http",
                "priority": 100,
                "protocol": "Tcp",
                "source_address_prefix": "*",
                "source_address_prefixes": [],
                "source_application_security_group_ids": [],
                "source_port_range": "",
                "source_port_ranges": [
                  "80"
                ]
              }
            ],
            "tags": {},
            "timeouts": null
          },
          "sensitive_attributes": [],
          "private": "eyJlMmJmYjczMC1lY2FhLTExZTYtOGY4OC0zNDM2M2JjN2M0YzAiOnsiY3JlYXRlIjoxODAwMDAwMDAwMDAwLCJkZWxldGUiOjE4MDAwMDAwMDAwMDAsInJlYWQiOjMwMDAwMDAwMDAwMCwidXBkYXRlIjoxODAwMDAwMDAwMDAwfX0=",
          "dependencies": [
            "azurerm_network_interface.nireto1",
            "azurerm_public_ip.pireto1",
            "azurerm_resource_group.reto1",
            "azurerm_subnet.sbreto1",
            "azurerm_virtual_network.vnreto1"
          ]
        }
      ]
    },
    {
      "mode": "managed",
      "type": "azurerm_public_ip",
      "name": "pireto1",
      "provider": "provider[\"registry.terraform.io/hashicorp/azurerm\"]",
      "instances": [
        {
          "schema_version": 0,
          "attributes": {
            "allocation_method": "Static",
            "ddos_protection_mode": "VirtualNetworkInherited",
            "ddos_protection_plan_id": null,
            "domain_name_label": null,
            "edge_zone": "",
            "fqdn": null,
            "id": "/subscriptions/922a159e-eae2-4d6f-9d0f-0defa2407a83/resourceGroups/desa/providers/Microsoft.Network/publicIPAddresses/desa-Public-ip",
            "idle_timeout_in_minutes": 4,
            "ip_address": "13.64.249.142",
            "ip_tags": {},
            "ip_version": "IPv4",
            "location": "westus",
            "name": "desa-Public-ip",
            "public_ip_prefix_id": null,
            "resource_group_name": "desa",
            "reverse_fqdn": null,
            "sku": "Standard",
            "sku_tier": "Regional",
            "tags": {},
            "timeouts": null,
            "zones": []
          },
          "sensitive_attributes": [],
          "private": "eyJlMmJmYjczMC1lY2FhLTExZTYtOGY4OC0zNDM2M2JjN2M0YzAiOnsiY3JlYXRlIjoxODAwMDAwMDAwMDAwLCJkZWxldGUiOjE4MDAwMDAwMDAwMDAsInJlYWQiOjMwMDAwMDAwMDAwMCwidXBkYXRlIjoxODAwMDAwMDAwMDAwfX0=",
          "dependencies": [
            "azurerm_resource_group.reto1"
          ]
        }
      ]
    },
    {
      "mode": "managed",
      "type": "azurerm_resource_group",
      "name": "reto1",
      "provider": "provider[\"registry.terraform.io/hashicorp/azurerm\"]",
      "instances": [
        {
          "schema_version": 0,
          "attributes": {
            "id": "/subscriptions/922a159e-eae2-4d6f-9d0f-0defa2407a83/resourceGroups/desa",
            "location": "westus",
            "managed_by": "",
            "name": "desa",
            "tags": {},
            "timeouts": null
          },
          "sensitive_attributes": [],
          "private": "eyJlMmJmYjczMC1lY2FhLTExZTYtOGY4OC0zNDM2M2JjN2M0YzAiOnsiY3JlYXRlIjo1NDAwMDAwMDAwMDAwLCJkZWxldGUiOjU0MDAwMDAwMDAwMDAsInJlYWQiOjMwMDAwMDAwMDAwMCwidXBkYXRlIjo1NDAwMDAwMDAwMDAwfX0="
        }
      ]
    },
    {
      "mode": "managed",
      "type": "azurerm_subnet",
      "name": "sb2reto1",
      "provider": "provider[\"registry.terraform.io/hashicorp/azurerm\"]",
      "instances": [
        {
          "schema_version": 0,
          "attributes": {
            "address_prefixes": [
              "10.0.2.0/24"
            ],
            "default_outbound_access_enabled": true,
            "delegation": [],
            "id": "/subscriptions/922a159e-eae2-4d6f-9d0f-0defa2407a83/resourceGroups/desa/providers/Microsoft.Network/virtualNetworks/desa-VNET/subnets/desa-SUBNET2-back",
            "name": "desa-SUBNET2-back",
            "private_endpoint_network_policies": "Disabled",
            "private_link_service_network_policies_enabled": true,
            "resource_group_name": "desa",
            "service_endpoint_policy_ids": [],
            "service_endpoints": [],
            "timeouts": null,
            "virtual_network_name": "desa-VNET"
          },
          "sensitive_attributes": [],
          "private": "eyJlMmJmYjczMC1lY2FhLTExZTYtOGY4OC0zNDM2M2JjN2M0YzAiOnsiY3JlYXRlIjoxODAwMDAwMDAwMDAwLCJkZWxldGUiOjE4MDAwMDAwMDAwMDAsInJlYWQiOjMwMDAwMDAwMDAwMCwidXBkYXRlIjoxODAwMDAwMDAwMDAwfX0=",
          "dependencies": [
            "azurerm_resource_group.reto1",
            "azurerm_virtual_network.vnreto1"
          ]
        }
      ]
    },
    {
      "mode": "managed",
      "type": "azurerm_subnet",
      "name": "sbreto1",
      "provider": "provider[\"registry.terraform.io/hashicorp/azurerm\"]",
      "instances": [
        {
          "schema_version": 0,
          "attributes": {
            "address_prefixes": [
              "10.0.1.0/24"
            ],
            "default_outbound_access_enabled": true,
            "delegation": [],
            "id": "/subscriptions/922a159e-eae2-4d6f-9d0f-0defa2407a83/resourceGroups/desa/providers/Microsoft.Network/virtualNetworks/desa-VNET/subnets/desa-SUBNET-back",
            "name": "desa-SUBNET-back",
            "private_endpoint_network_policies": "Disabled",
            "private_link_service_network_policies_enabled": true,
            "resource_group_name": "desa",
            "service_endpoint_policy_ids": [],
            "service_endpoints": [],
            "timeouts": null,
            "virtual_network_name": "desa-VNET"
          },
          "sensitive_attributes": [],
          "private": "eyJlMmJmYjczMC1lY2FhLTExZTYtOGY4OC0zNDM2M2JjN2M0YzAiOnsiY3JlYXRlIjoxODAwMDAwMDAwMDAwLCJkZWxldGUiOjE4MDAwMDAwMDAwMDAsInJlYWQiOjMwMDAwMDAwMDAwMCwidXBkYXRlIjoxODAwMDAwMDAwMDAwfX0=",
          "dependencies": [
            "azurerm_resource_group.reto1",
            "azurerm_virtual_network.vnreto1"
          ]
        }
      ]
    },
    {
      "mode": "managed",
      "type": "azurerm_virtual_machine",
      "name": "reto1vm",
      "provider": "provider[\"registry.terraform.io/hashicorp/azurerm\"]",
      "instances": [
        {
          "schema_version": 0,
          "attributes": {
            "additional_capabilities": [],
            "availability_set_id": null,
            "boot_diagnostics": [],
            "delete_data_disks_on_termination": false,
            "delete_os_disk_on_termination": false,
            "id": "/subscriptions/922a159e-eae2-4d6f-9d0f-0defa2407a83/resourceGroups/desa/providers/Microsoft.Compute/virtualMachines/desa-VM",
            "identity": [],
            "license_type": null,
            "location": "westus",
            "name": "desa-VM",
            "network_interface_ids": [
              "/subscriptions/922a159e-eae2-4d6f-9d0f-0defa2407a83/resourceGroups/desa/providers/Microsoft.Network/networkInterfaces/desa-NIC"
            ],
            "os_profile": [
              {
                "admin_password": "",
                "admin_username": "adminUser",
                "computer_name": "backend-kube",
                "custom_data": ""
              }
            ],
            "os_profile_linux_config": [
              {
                "disable_password_authentication": false,
                "ssh_keys": [
                  {
                    "key_data": "ssh-rsa AAAAB3NzaC1yc2EAAAADAQABAAACAQC+I4ZH/OtFgcCOSr4g4F1l/WzdXcKuNbz18XFlUsvFEK/CHfIfJJrzUgSNzmp0msKAXI8Roii0hnnaEerdiSCtKH6DGYxd/fkW+FzGx2fGnnlCIIIsIvFw8tzlDaXfdfkpokzzEjFReb+bP8oAo8WI4Mbnekyt4IavdAlTJRkhjgN/m793Zru94JSDgW9rPH0nfMxvQzXoMBwsU3c1COMvMy5TV5+4+XbxM4nAlBwoRQ+QY6VrmqDYMNp6WzGma/hnZcy2DVhMz/R+9pFjh5PYkfOmdfj9k6AvdtLdhO25lo0F1LQifqk4AK1q5D3XDFVYUFkl9SSzbsvzyZejP4VpCQDcxM/MhJ4MVyQyjV3TIXiMcqU+ECl1iSFqLvWqwjArCW0y0lFF2Ti0Ap8ar0031PPpZz6rAuFdEzsZd/Iu7pWVqWk38iMRnmHIYb69ap82PC7YsxypM/cR40PXlgTuQDuuHJjcea5LWrGF4e2XlgBRRY4Q0XcLhITzt8IOgxexqKNTKJ8jSlHOoK3YWDLjLGD0kL62bgQTMPBlkdJIvaOE3fBQ7sMSROZTWfKXjulq9Qd/EaXYHsQtap58Ff9I2K0ydwrZ3ko7n1AtigRaB6TgUvp8mbMt4z4LAcX5kmkPO60bvv42Fe0Ejjq0L9fSg846Rxi3RiDcbol8RGyYMw==\n",
                    "path": "/home/adminUser/.ssh/authorized_keys"
                  }
                ]
              }
            ],
            "os_profile_secrets": [],
            "os_profile_windows_config": [],
            "plan": [],
            "primary_network_interface_id": null,
            "proximity_placement_group_id": null,
            "resource_group_name": "desa",
            "storage_data_disk": [],
            "storage_image_reference": [
              {
                "id": "",
                "offer": "0001-com-ubuntu-server-jammy",
                "publisher": "canonical",
                "sku": "22_04-lts-gen2",
                "version": "latest"
              }
            ],
            "storage_os_disk": [
              {
                "caching": "ReadWrite",
                "create_option": "FromImage",
                "disk_size_gb": 120,
                "image_uri": "",
                "managed_disk_id": "/subscriptions/922a159e-eae2-4d6f-9d0f-0defa2407a83/resourceGroups/desa/providers/Microsoft.Compute/disks/myOSdisk",
                "managed_disk_type": "Standard_LRS",
                "name": "myOSdisk",
                "os_type": "Linux",
                "vhd_uri": "",
                "write_accelerator_enabled": false
              }
            ],
            "tags": {},
            "timeouts": null,
            "vm_size": "Standard_DS1_v2",
            "zones": []
          },
          "sensitive_attributes": [
            [
              {
                "type": "get_attr",
                "value": "os_profile"
              }
            ]
          ],
          "private": "eyJlMmJmYjczMC1lY2FhLTExZTYtOGY4OC0zNDM2M2JjN2M0YzAiOnsiY3JlYXRlIjozNjAwMDAwMDAwMDAwLCJkZWxldGUiOjM2MDAwMDAwMDAwMDAsInJlYWQiOjMwMDAwMDAwMDAwMCwidXBkYXRlIjozNjAwMDAwMDAwMDAwfX0=",
          "dependencies": [
            "azurerm_network_interface.nireto1",
            "azurerm_public_ip.pireto1",
            "azurerm_resource_group.reto1",
            "azurerm_subnet.sbreto1",
            "azurerm_virtual_network.vnreto1",
            "random_password.name",
            "tls_private_key.keysvm1"
          ]
        }
      ]
    },
    {
      "mode": "managed",
      "type": "azurerm_virtual_machine",
      "name": "reto1vm2",
      "provider": "provider[\"registry.terraform.io/hashicorp/azurerm\"]",
      "instances": [
        {
          "schema_version": 0,
          "attributes": {
            "additional_capabilities": [],
            "availability_set_id": null,
            "boot_diagnostics": [],
            "delete_data_disks_on_termination": false,
            "delete_os_disk_on_termination": false,
            "id": "/subscriptions/922a159e-eae2-4d6f-9d0f-0defa2407a83/resourceGroups/desa/providers/Microsoft.Compute/virtualMachines/desa-VM2",
            "identity": [],
            "license_type": null,
            "location": "westus",
            "name": "desa-VM2",
            "network_interface_ids": [
              "/subscriptions/922a159e-eae2-4d6f-9d0f-0defa2407a83/resourceGroups/desa/providers/Microsoft.Network/networkInterfaces/desa-NIC2"
            ],
            "os_profile": [
              {
                "admin_password": "",
                "admin_username": "adminUser",
                "computer_name": "postgresql",
                "custom_data": ""
              }
            ],
            "os_profile_linux_config": [
              {
                "disable_password_authentication": false,
                "ssh_keys": [
                  {
                    "key_data": "ssh-rsa AAAAB3NzaC1yc2EAAAADAQABAAACAQC+I4ZH/OtFgcCOSr4g4F1l/WzdXcKuNbz18XFlUsvFEK/CHfIfJJrzUgSNzmp0msKAXI8Roii0hnnaEerdiSCtKH6DGYxd/fkW+FzGx2fGnnlCIIIsIvFw8tzlDaXfdfkpokzzEjFReb+bP8oAo8WI4Mbnekyt4IavdAlTJRkhjgN/m793Zru94JSDgW9rPH0nfMxvQzXoMBwsU3c1COMvMy5TV5+4+XbxM4nAlBwoRQ+QY6VrmqDYMNp6WzGma/hnZcy2DVhMz/R+9pFjh5PYkfOmdfj9k6AvdtLdhO25lo0F1LQifqk4AK1q5D3XDFVYUFkl9SSzbsvzyZejP4VpCQDcxM/MhJ4MVyQyjV3TIXiMcqU+ECl1iSFqLvWqwjArCW0y0lFF2Ti0Ap8ar0031PPpZz6rAuFdEzsZd/Iu7pWVqWk38iMRnmHIYb69ap82PC7YsxypM/cR40PXlgTuQDuuHJjcea5LWrGF4e2XlgBRRY4Q0XcLhITzt8IOgxexqKNTKJ8jSlHOoK3YWDLjLGD0kL62bgQTMPBlkdJIvaOE3fBQ7sMSROZTWfKXjulq9Qd/EaXYHsQtap58Ff9I2K0ydwrZ3ko7n1AtigRaB6TgUvp8mbMt4z4LAcX5kmkPO60bvv42Fe0Ejjq0L9fSg846Rxi3RiDcbol8RGyYMw==\n",
                    "path": "/home/adminUser/.ssh/authorized_keys"
                  }
                ]
              }
            ],
            "os_profile_secrets": [],
            "os_profile_windows_config": [],
            "plan": [],
            "primary_network_interface_id": null,
            "proximity_placement_group_id": null,
            "resource_group_name": "desa",
            "storage_data_disk": [],
            "storage_image_reference": [
              {
                "id": "",
                "offer": "0001-com-ubuntu-server-jammy",
                "publisher": "canonical",
                "sku": "22_04-lts-gen2",
                "version": "latest"
              }
            ],
            "storage_os_disk": [
              {
                "caching": "ReadWrite",
                "create_option": "FromImage",
                "disk_size_gb": 120,
                "image_uri": "",
                "managed_disk_id": "/subscriptions/922a159e-eae2-4d6f-9d0f-0defa2407a83/resourceGroups/desa/providers/Microsoft.Compute/disks/myOSdisk2",
                "managed_disk_type": "Standard_LRS",
                "name": "myOSdisk2",
                "os_type": "Linux",
                "vhd_uri": "",
                "write_accelerator_enabled": false
              }
            ],
            "tags": {},
            "timeouts": null,
            "vm_size": "Standard_DS1_v2",
            "zones": []
          },
          "sensitive_attributes": [
            [
              {
                "type": "get_attr",
                "value": "os_profile"
              }
            ]
          ],
          "private": "eyJlMmJmYjczMC1lY2FhLTExZTYtOGY4OC0zNDM2M2JjN2M0YzAiOnsiY3JlYXRlIjozNjAwMDAwMDAwMDAwLCJkZWxldGUiOjM2MDAwMDAwMDAwMDAsInJlYWQiOjMwMDAwMDAwMDAwMCwidXBkYXRlIjozNjAwMDAwMDAwMDAwfX0=",
          "dependencies": [
            "azurerm_network_interface.ni2reto1",
            "azurerm_resource_group.reto1",
            "azurerm_subnet.sb2reto1",
            "azurerm_virtual_network.vnreto1",
            "random_password.name",
            "tls_private_key.keysvm1"
          ]
        }
      ]
    },
    {
      "mode": "managed",
      "type": "azurerm_virtual_machine_extension",
      "name": "vm2_extension",
      "provider": "provider[\"registry.terraform.io/hashicorp/azurerm\"]",
      "instances": [
        {
          "schema_version": 0,
          "attributes": {
            "auto_upgrade_minor_version": true,
            "automatic_upgrade_enabled": false,
            "failure_suppression_enabled": false,
            "id": "/subscriptions/922a159e-eae2-4d6f-9d0f-0defa2407a83/resourceGroups/desa/providers/Microsoft.Compute/virtualMachines/desa-VM2/extensions/OmsAgentForLinux",
            "name": "OmsAgentForLinux",
            "protected_settings": "    {\r\n      \"workspaceKey\": \"6UoyeWnd5MKlvJVMYP+rGkoFW7bJ7PP5GIr3FcdnQHFYYebldI8Ct0Xlk1ZgwXGxgGGsBCf+1schb6QzfhIKWw==\"\r\n    }\r\n",
            "protected_settings_from_key_vault": [],
            "provision_after_extensions": [],
            "publisher": "Microsoft.EnterpriseCloud.Monitoring",
            "settings": "{\"workspaceId\":\"8420f56f-c0af-49c7-943b-0815cc56b5f1\"}",
            "tags": {},
            "timeouts": null,
            "type": "OmsAgentForLinux",
            "type_handler_version": "1.13",
            "virtual_machine_id": "/subscriptions/922a159e-eae2-4d6f-9d0f-0defa2407a83/resourceGroups/desa/providers/Microsoft.Compute/virtualMachines/desa-VM2"
          },
          "sensitive_attributes": [
            [
              {
                "type": "get_attr",
                "value": "protected_settings"
              }
            ]
          ],
          "private": "eyJlMmJmYjczMC1lY2FhLTExZTYtOGY4OC0zNDM2M2JjN2M0YzAiOnsiY3JlYXRlIjoxODAwMDAwMDAwMDAwLCJkZWxldGUiOjE4MDAwMDAwMDAwMDAsInJlYWQiOjMwMDAwMDAwMDAwMCwidXBkYXRlIjoxODAwMDAwMDAwMDAwfX0=",
          "dependencies": [
            "azurerm_log_analytics_workspace.law",
            "azurerm_network_interface.ni2reto1",
            "azurerm_resource_group.reto1",
            "azurerm_subnet.sb2reto1",
            "azurerm_virtual_machine.reto1vm2",
            "azurerm_virtual_network.vnreto1",
            "random_password.name",
            "tls_private_key.keysvm1"
          ]
        }
      ]
    },
    {
      "mode": "managed",
      "type": "azurerm_virtual_machine_extension",
      "name": "vm_extension",
      "provider": "provider[\"registry.terraform.io/hashicorp/azurerm\"]",
      "instances": [
        {
          "schema_version": 0,
          "attributes": {
            "auto_upgrade_minor_version": true,
            "automatic_upgrade_enabled": false,
            "failure_suppression_enabled": false,
            "id": "/subscriptions/922a159e-eae2-4d6f-9d0f-0defa2407a83/resourceGroups/desa/providers/Microsoft.Compute/virtualMachines/desa-VM/extensions/OmsAgentForLinux",
            "name": "OmsAgentForLinux",
            "protected_settings": "    {\r\n      \"workspaceKey\": \"6UoyeWnd5MKlvJVMYP+rGkoFW7bJ7PP5GIr3FcdnQHFYYebldI8Ct0Xlk1ZgwXGxgGGsBCf+1schb6QzfhIKWw==\"\r\n    }\r\n",
            "protected_settings_from_key_vault": [],
            "provision_after_extensions": [],
            "publisher": "Microsoft.EnterpriseCloud.Monitoring",
            "settings": "{\"workspaceId\":\"8420f56f-c0af-49c7-943b-0815cc56b5f1\"}",
            "tags": {},
            "timeouts": null,
            "type": "OmsAgentForLinux",
            "type_handler_version": "1.13",
            "virtual_machine_id": "/subscriptions/922a159e-eae2-4d6f-9d0f-0defa2407a83/resourceGroups/desa/providers/Microsoft.Compute/virtualMachines/desa-VM"
          },
          "sensitive_attributes": [
            [
              {
                "type": "get_attr",
                "value": "protected_settings"
              }
            ]
          ],
          "private": "eyJlMmJmYjczMC1lY2FhLTExZTYtOGY4OC0zNDM2M2JjN2M0YzAiOnsiY3JlYXRlIjoxODAwMDAwMDAwMDAwLCJkZWxldGUiOjE4MDAwMDAwMDAwMDAsInJlYWQiOjMwMDAwMDAwMDAwMCwidXBkYXRlIjoxODAwMDAwMDAwMDAwfX0=",
          "dependencies": [
            "azurerm_log_analytics_workspace.law",
            "azurerm_network_interface.nireto1",
            "azurerm_public_ip.pireto1",
            "azurerm_resource_group.reto1",
            "azurerm_subnet.sbreto1",
            "azurerm_virtual_machine.reto1vm",
            "azurerm_virtual_network.vnreto1",
            "random_password.name",
            "tls_private_key.keysvm1"
          ]
        }
      ]
    },
    {
      "mode": "managed",
      "type": "azurerm_virtual_network",
      "name": "vnreto1",
      "provider": "provider[\"registry.terraform.io/hashicorp/azurerm\"]",
      "instances": [
        {
          "schema_version": 0,
          "attributes": {
            "address_space": [
              "10.0.0.0/16"
            ],
            "bgp_community": "",
            "ddos_protection_plan": [],
            "dns_servers": [],
            "edge_zone": "",
            "encryption": [],
            "flow_timeout_in_minutes": 0,
            "guid": "4f8d7e2f-1626-4aa1-8e3f-53190b5389fa",
            "id": "/subscriptions/922a159e-eae2-4d6f-9d0f-0defa2407a83/resourceGroups/desa/providers/Microsoft.Network/virtualNetworks/desa-VNET",
            "location": "westus",
            "name": "desa-VNET",
            "resource_group_name": "desa",
            "subnet": [
              {
                "address_prefixes": [
                  "10.0.1.0/24"
                ],
                "default_outbound_access_enabled": true,
                "delegation": [],
                "id": "/subscriptions/922a159e-eae2-4d6f-9d0f-0defa2407a83/resourceGroups/desa/providers/Microsoft.Network/virtualNetworks/desa-VNET/subnets/desa-SUBNET-back",
                "name": "desa-SUBNET-back",
                "private_endpoint_network_policies": "Disabled",
                "private_link_service_network_policies_enabled": true,
                "route_table_id": "",
                "security_group": "",
                "service_endpoint_policy_ids": [],
                "service_endpoints": []
              },
              {
                "address_prefixes": [
                  "10.0.2.0/24"
                ],
                "default_outbound_access_enabled": true,
                "delegation": [],
                "id": "/subscriptions/922a159e-eae2-4d6f-9d0f-0defa2407a83/resourceGroups/desa/providers/Microsoft.Network/virtualNetworks/desa-VNET/subnets/desa-SUBNET2-back",
                "name": "desa-SUBNET2-back",
                "private_endpoint_network_policies": "Disabled",
                "private_link_service_network_policies_enabled": true,
                "route_table_id": "",
                "security_group": "",
                "service_endpoint_policy_ids": [],
                "service_endpoints": []
              }
            ],
            "tags": {},
            "timeouts": null
          },
          "sensitive_attributes": [],
          "private": "eyJlMmJmYjczMC1lY2FhLTExZTYtOGY4OC0zNDM2M2JjN2M0YzAiOnsiY3JlYXRlIjoxODAwMDAwMDAwMDAwLCJkZWxldGUiOjE4MDAwMDAwMDAwMDAsInJlYWQiOjMwMDAwMDAwMDAwMCwidXBkYXRlIjoxODAwMDAwMDAwMDAwfX0=",
          "dependencies": [
            "azurerm_resource_group.reto1"
          ]
        }
      ]
    },
    {
      "mode": "managed",
      "type": "local_file",
      "name": "private_key",
      "provider": "provider[\"registry.terraform.io/hashicorp/local\"]",
      "instances": [
        {
          "schema_version": 0,
          "attributes": {
            "content": "-----BEGIN OPENSSH PRIVATE KEY-----\nb3BlbnNzaC1rZXktdjEAAAAABG5vbmUAAAAEbm9uZQAAAAAAAAABAAACFwAAAAdz\nc2gtcnNhAAAAAwEAAQAAAgEAviOGR/zrRYHAjkq+IOBdZf1s3V3CrjW89fFxZVLL\nxRCvwh3yHySa81IEjc5qdJrCgFyPEaIotIZ52hHq3YkgrSh+gxmMXf35Fvhcxsdn\nxp55QiCCLCLxcPLc5Q2l33X5KaJM8xIxUXm/mz/KAKPFiODG53pMreCGr3QJUyUZ\nIY4Df5u/d2a7veCUg4Fvazx9J3zMb0M16DAcLFN3NQjjLzMuU1efuPl28TOJwJQc\nKEUPkGOla5qg2DDaelsxpmv4Z2XMtg1YTM/0fvaRY4eT2JHzpnX4/ZOgL3bS3YTt\nuZaNBdS0In6pOACtauQ91wxVWFBZJfUks27L88mXoz+FaQkA3MTPzISeDFckMo1d\n0yF4jHKlPhApdYkhai71qsIwKwltMtJRRdk4tAKfGq9NN9Tz6Wc+qwLhXRM7GXfy\nLu6VlalpN/IjEZ5hyGG+vWqfNjwu2LMcqTP3EeND15YE7kA7rhyY3HmuS1qxheHt\nl5YAUUWOENF3C4SE87fCDoMXsaijUyifI0pRzqCt2Fgy4yxg9JC+tm4EEzDwZZHS\nSL2jhN3wUO7DEkTmU1nyl47pavUHfxGl2B7ELWqefBX/SNitMncK2d5KO59QLYoE\nWgek4FL6fJmzLeM+CwHF+ZJpDzutG77+NhXtBI46tC/X0oPOOkcYt0Yg3G6JfERs\nmDMAAAc4wo9FjMKPRYwAAAAHc3NoLXJzYQAAAgEAviOGR/zrRYHAjkq+IOBdZf1s\n3V3CrjW89fFxZVLLxRCvwh3yHySa81IEjc5qdJrCgFyPEaIotIZ52hHq3YkgrSh+\ngxmMXf35Fvhcxsdnxp55QiCCLCLxcPLc5Q2l33X5KaJM8xIxUXm/mz/KAKPFiODG\n53pMreCGr3QJUyUZIY4Df5u/d2a7veCUg4Fvazx9J3zMb0M16DAcLFN3NQjjLzMu\nU1efuPl28TOJwJQcKEUPkGOla5qg2DDaelsxpmv4Z2XMtg1YTM/0fvaRY4eT2JHz\npnX4/ZOgL3bS3YTtuZaNBdS0In6pOACtauQ91wxVWFBZJfUks27L88mXoz+FaQkA\n3MTPzISeDFckMo1d0yF4jHKlPhApdYkhai71qsIwKwltMtJRRdk4tAKfGq9NN9Tz\n6Wc+qwLhXRM7GXfyLu6VlalpN/IjEZ5hyGG+vWqfNjwu2LMcqTP3EeND15YE7kA7\nrhyY3HmuS1qxheHtl5YAUUWOENF3C4SE87fCDoMXsaijUyifI0pRzqCt2Fgy4yxg\n9JC+tm4EEzDwZZHSSL2jhN3wUO7DEkTmU1nyl47pavUHfxGl2B7ELWqefBX/SNit\nMncK2d5KO59QLYoEWgek4FL6fJmzLeM+CwHF+ZJpDzutG77+NhXtBI46tC/X0oPO\nOkcYt0Yg3G6JfERsmDMAAAADAQABAAACAB635o3i0q/cEpvqf2UYWn6LvvbUmwtC\nK1EgvM093yXrWDnoVKGrbE07RvkSDCjih+HtEkArDqB7yVvt4SABc4IGNMpBamgV\nDBUl8vc6aA2ytKx2TBGNY6x30DBBUDcV/Dc5vWzX15fuL4KJf70yuEsw5XGoVJMS\n3y+hc5A3QiQlqXMIWpqTwmkey1+jnbiZgS7L/stK9H6apzKSGYQ791g80JMuaOOd\nihXV2b9/Lj1jSuxs7ODBjpLe8a0q5o6Yiv1JeRVAeq+OOVX5x+toj/5BNjgCf0OY\nghyo+dBIFZASPp5eiuu3wucFVP8b+NGxcGhgMsbrIA7NK64rN5BsRsU2AODoxNS3\npKmQUiBulBBF9Thljd0v1cM1QnRo25K0Q3TxjSeaOa/RRrHaMU3kEclhkn91/tbI\naQ9sghG1IaV9cAS4P7mXfeG2cU6/QwD0jDOHAGweT56dfavtYZQCRxrE4w/XGC50\nGSUubDl7Bzg7Y6+BImOLg564d7idRLTiBvPCwtX7ZYaavuLN6KhVFNaivrNER1Bj\nw8lDV9Yn3Vb75uGXmVFxswWoAPSo95SXy9GGkxU3v9zVHnfMDS3yXFX7sQknwxyr\nUmrWbd33HSThQwOq0G4SUWCIdVNwEgl/HBYod82C/dltORsTps0yK4tolsYx/+aV\nJG1VjbN4eNsBAAABAQDpdO26K+0qOei2N78m1D+Cmg8Yij9/yoHSdcR4wWWDls0y\nUEmoVS3JihNZmo3o2vSC3ijKsI/1GnlDivodxNVjgjtHhR8FYVyOY1Ur2Wrnz8zD\ncCk5BrlsJGji/N7OMKwVCX8tRkOq1GyWuCcItI5QV+ppL7U481nHWSVBn6XO0oLf\nVJTIwtjC2dyhag0b0PyDeT/CE5IpcJReqVSl2cA5JGZsv4G3rheTE1bto3brh2Qk\nOGbniu+RQItu4YdTUVVPoIIUvMzPvYabMMXhcjzBXYBaLDg9d4k3JWlr6agREvac\n86niG4Y/oEGziNwMnLb3o/N8pN2ejx4iJepKIdAzAAABAQDqLUrK/21IaFHugsmw\nvWj+k+QUjnpL6FR+GL558EufQs/zJwr4ZIMkUwjIVgeTm1RKEERiz2CzuK7+Yz7t\nqBMBN09r2MZ0OZ9OzKXwupN9kgn02D45gxgcNfxm0VjmlSmeBcM+eqhzQW3gEL0D\nweZ50ZwYIBONuqTiYY9+lS9xrb1hA6TRCUmYru+/Ybi1tAxxl0Gfmu8avyfeJQ4z\nrQQQDbIzM6xVKpg21wbOo1ed/0Icp/cp7RmLwN4OHdx4ImZEp7FIdkyy4DvJ4QID\nK2ASovEcapv5SJ0pNx3vlqHFsL0ArjtbLSiDy0WyH3lDxEE95lalZ4ZSBXo/Lyr7\nUdZTAAABAQDP25+rVmFyuQkcCoTLfxOHcFn2dFEeza00Skx2D6JCZ0g0G5LthsaA\n5sD3ehsy6fKMcIflC0Ua10Be47IiJRnrG311ER/Jv3GgQ93bpg54YyY0ev0nNN2p\nsAcyCdFIKxONRrpctxHIJtBWIhe1DPR0xhc5kdp/nyO0pe2hA20S3lqPnML8G0Qr\nKzLnmMNUCF8zvm5+YByNSvzAuw6liDvY3iDZFsEndnMEtk6HVqiyVM1ksHwiZoYq\nrR3Ige3eaX9yStPaPWcBdmxTVn+kwOUbBLd2SzCKxA2KAyghCwmgrVypfdAr1cgn\nM9LccqNyGmVcrWg0746kurUFNYquQjqhAAAAAAEC\n-----END OPENSSH PRIVATE KEY-----\n",
            "content_base64": null,
            "content_base64sha256": "s/1qb/QhJ5F/L48CNWDA1EKMQFB4wz1U947fkT8JKAI=",
            "content_base64sha512": "H91wuOjSCe65MOIha6sbTjVTNp7XCNl/hWIssQunVMrlrst4MBKib4WHDsNyKdzzGxYNwFSK038PvJXphTuhvw==",
            "content_md5": "e2d9699f8291a781038b8a9d760a90a5",
            "content_sha1": "264e8510ded99b21e9717fea120c2685f68d96a0",
            "content_sha256": "b3fd6a6ff42127917f2f8f023560c0d4428c405078c33d54f78edf913f092802",
            "content_sha512": "1fdd70b8e8d209eeb930e2216bab1b4e3553369ed708d97f85622cb10ba754cae5aecb783012a26f85870ec37229dcf31b160dc0548ad37f0fbc95e9853ba1bf",
            "directory_permission": "0777",
            "file_permission": "0777",
            "filename": "./ssh_desa_key",
            "id": "264e8510ded99b21e9717fea120c2685f68d96a0",
            "sensitive_content": null,
            "source": null
          },
          "sensitive_attributes": [
            [
              {
                "type": "get_attr",
                "value": "content"
              }
            ],
            [
              {
                "type": "get_attr",
                "value": "sensitive_content"
              }
            ]
          ],
          "dependencies": [
            "tls_private_key.keysvm1"
          ]
        }
      ]
    },
    {
      "mode": "managed",
      "type": "random_password",
      "name": "name",
      "provider": "provider[\"registry.terraform.io/hashicorp/random\"]",
      "instances": [
        {
          "schema_version": 3,
          "attributes": {
            "bcrypt_hash": "$2a$10$L0E8rEDnM7bn6ZI/NI7SLeZ84p0crQ6XY8qKCRZl28.ibKZdhiQZW",
            "id": "none",
            "keepers": null,
            "length": 16,
            "lower": true,
            "min_lower": 0,
            "min_numeric": 0,
            "min_special": 0,
            "min_upper": 0,
            "number": true,
            "numeric": true,
            "override_special": null,
            "result": "PM}RhSYJVK5}]5V#",
            "special": true,
            "upper": true
          },
          "sensitive_attributes": [
            [
              {
                "type": "get_attr",
                "value": "result"
              }
            ],
            [
              {
                "type": "get_attr",
                "value": "bcrypt_hash"
              }
            ]
          ]
        }
      ]
    },
    {
      "mode": "managed",
      "type": "random_string",
      "name": "random_suffix",
      "provider": "provider[\"registry.terraform.io/hashicorp/random\"]",
      "instances": [
        {
          "schema_version": 2,
          "attributes": {
            "id": "5j8y8486",
            "keepers": null,
            "length": 8,
            "lower": true,
            "min_lower": 0,
            "min_numeric": 0,
            "min_special": 0,
            "min_upper": 0,
            "number": true,
            "numeric": true,
            "override_special": null,
            "result": "5j8y8486",
            "special": false,
            "upper": false
          },
          "sensitive_attributes": []
        }
      ]
    },
    {
      "mode": "managed",
      "type": "tls_private_key",
      "name": "keysvm1",
      "provider": "provider[\"registry.terraform.io/hashicorp/tls\"]",
      "instances": [
        {
          "schema_version": 1,
          "attributes": {
            "algorithm": "RSA",
            "ecdsa_curve": "P224",
            "id": "0cac81e4818f8ba2f15a5c28c2af24b1e36404b0",
            "private_key_openssh": "-----BEGIN OPENSSH PRIVATE KEY-----\nb3BlbnNzaC1rZXktdjEAAAAABG5vbmUAAAAEbm9uZQAAAAAAAAABAAACFwAAAAdz\nc2gtcnNhAAAAAwEAAQAAAgEAviOGR/zrRYHAjkq+IOBdZf1s3V3CrjW89fFxZVLL\nxRCvwh3yHySa81IEjc5qdJrCgFyPEaIotIZ52hHq3YkgrSh+gxmMXf35Fvhcxsdn\nxp55QiCCLCLxcPLc5Q2l33X5KaJM8xIxUXm/mz/KAKPFiODG53pMreCGr3QJUyUZ\nIY4Df5u/d2a7veCUg4Fvazx9J3zMb0M16DAcLFN3NQjjLzMuU1efuPl28TOJwJQc\nKEUPkGOla5qg2DDaelsxpmv4Z2XMtg1YTM/0fvaRY4eT2JHzpnX4/ZOgL3bS3YTt\nuZaNBdS0In6pOACtauQ91wxVWFBZJfUks27L88mXoz+FaQkA3MTPzISeDFckMo1d\n0yF4jHKlPhApdYkhai71qsIwKwltMtJRRdk4tAKfGq9NN9Tz6Wc+qwLhXRM7GXfy\nLu6VlalpN/IjEZ5hyGG+vWqfNjwu2LMcqTP3EeND15YE7kA7rhyY3HmuS1qxheHt\nl5YAUUWOENF3C4SE87fCDoMXsaijUyifI0pRzqCt2Fgy4yxg9JC+tm4EEzDwZZHS\nSL2jhN3wUO7DEkTmU1nyl47pavUHfxGl2B7ELWqefBX/SNitMncK2d5KO59QLYoE\nWgek4FL6fJmzLeM+CwHF+ZJpDzutG77+NhXtBI46tC/X0oPOOkcYt0Yg3G6JfERs\nmDMAAAc4wo9FjMKPRYwAAAAHc3NoLXJzYQAAAgEAviOGR/zrRYHAjkq+IOBdZf1s\n3V3CrjW89fFxZVLLxRCvwh3yHySa81IEjc5qdJrCgFyPEaIotIZ52hHq3YkgrSh+\ngxmMXf35Fvhcxsdnxp55QiCCLCLxcPLc5Q2l33X5KaJM8xIxUXm/mz/KAKPFiODG\n53pMreCGr3QJUyUZIY4Df5u/d2a7veCUg4Fvazx9J3zMb0M16DAcLFN3NQjjLzMu\nU1efuPl28TOJwJQcKEUPkGOla5qg2DDaelsxpmv4Z2XMtg1YTM/0fvaRY4eT2JHz\npnX4/ZOgL3bS3YTtuZaNBdS0In6pOACtauQ91wxVWFBZJfUks27L88mXoz+FaQkA\n3MTPzISeDFckMo1d0yF4jHKlPhApdYkhai71qsIwKwltMtJRRdk4tAKfGq9NN9Tz\n6Wc+qwLhXRM7GXfyLu6VlalpN/IjEZ5hyGG+vWqfNjwu2LMcqTP3EeND15YE7kA7\nrhyY3HmuS1qxheHtl5YAUUWOENF3C4SE87fCDoMXsaijUyifI0pRzqCt2Fgy4yxg\n9JC+tm4EEzDwZZHSSL2jhN3wUO7DEkTmU1nyl47pavUHfxGl2B7ELWqefBX/SNit\nMncK2d5KO59QLYoEWgek4FL6fJmzLeM+CwHF+ZJpDzutG77+NhXtBI46tC/X0oPO\nOkcYt0Yg3G6JfERsmDMAAAADAQABAAACAB635o3i0q/cEpvqf2UYWn6LvvbUmwtC\nK1EgvM093yXrWDnoVKGrbE07RvkSDCjih+HtEkArDqB7yVvt4SABc4IGNMpBamgV\nDBUl8vc6aA2ytKx2TBGNY6x30DBBUDcV/Dc5vWzX15fuL4KJf70yuEsw5XGoVJMS\n3y+hc5A3QiQlqXMIWpqTwmkey1+jnbiZgS7L/stK9H6apzKSGYQ791g80JMuaOOd\nihXV2b9/Lj1jSuxs7ODBjpLe8a0q5o6Yiv1JeRVAeq+OOVX5x+toj/5BNjgCf0OY\nghyo+dBIFZASPp5eiuu3wucFVP8b+NGxcGhgMsbrIA7NK64rN5BsRsU2AODoxNS3\npKmQUiBulBBF9Thljd0v1cM1QnRo25K0Q3TxjSeaOa/RRrHaMU3kEclhkn91/tbI\naQ9sghG1IaV9cAS4P7mXfeG2cU6/QwD0jDOHAGweT56dfavtYZQCRxrE4w/XGC50\nGSUubDl7Bzg7Y6+BImOLg564d7idRLTiBvPCwtX7ZYaavuLN6KhVFNaivrNER1Bj\nw8lDV9Yn3Vb75uGXmVFxswWoAPSo95SXy9GGkxU3v9zVHnfMDS3yXFX7sQknwxyr\nUmrWbd33HSThQwOq0G4SUWCIdVNwEgl/HBYod82C/dltORsTps0yK4tolsYx/+aV\nJG1VjbN4eNsBAAABAQDpdO26K+0qOei2N78m1D+Cmg8Yij9/yoHSdcR4wWWDls0y\nUEmoVS3JihNZmo3o2vSC3ijKsI/1GnlDivodxNVjgjtHhR8FYVyOY1Ur2Wrnz8zD\ncCk5BrlsJGji/N7OMKwVCX8tRkOq1GyWuCcItI5QV+ppL7U481nHWSVBn6XO0oLf\nVJTIwtjC2dyhag0b0PyDeT/CE5IpcJReqVSl2cA5JGZsv4G3rheTE1bto3brh2Qk\nOGbniu+RQItu4YdTUVVPoIIUvMzPvYabMMXhcjzBXYBaLDg9d4k3JWlr6agREvac\n86niG4Y/oEGziNwMnLb3o/N8pN2ejx4iJepKIdAzAAABAQDqLUrK/21IaFHugsmw\nvWj+k+QUjnpL6FR+GL558EufQs/zJwr4ZIMkUwjIVgeTm1RKEERiz2CzuK7+Yz7t\nqBMBN09r2MZ0OZ9OzKXwupN9kgn02D45gxgcNfxm0VjmlSmeBcM+eqhzQW3gEL0D\nweZ50ZwYIBONuqTiYY9+lS9xrb1hA6TRCUmYru+/Ybi1tAxxl0Gfmu8avyfeJQ4z\nrQQQDbIzM6xVKpg21wbOo1ed/0Icp/cp7RmLwN4OHdx4ImZEp7FIdkyy4DvJ4QID\nK2ASovEcapv5SJ0pNx3vlqHFsL0ArjtbLSiDy0WyH3lDxEE95lalZ4ZSBXo/Lyr7\nUdZTAAABAQDP25+rVmFyuQkcCoTLfxOHcFn2dFEeza00Skx2D6JCZ0g0G5LthsaA\n5sD3ehsy6fKMcIflC0Ua10Be47IiJRnrG311ER/Jv3GgQ93bpg54YyY0ev0nNN2p\nsAcyCdFIKxONRrpctxHIJtBWIhe1DPR0xhc5kdp/nyO0pe2hA20S3lqPnML8G0Qr\nKzLnmMNUCF8zvm5+YByNSvzAuw6liDvY3iDZFsEndnMEtk6HVqiyVM1ksHwiZoYq\nrR3Ige3eaX9yStPaPWcBdmxTVn+kwOUbBLd2SzCKxA2KAyghCwmgrVypfdAr1cgn\nM9LccqNyGmVcrWg0746kurUFNYquQjqhAAAAAAEC\n-----END OPENSSH PRIVATE KEY-----\n",
            "private_key_pem": "-----BEGIN RSA PRIVATE KEY-----\nMIIJKgIBAAKCAgEAviOGR/zrRYHAjkq+IOBdZf1s3V3CrjW89fFxZVLLxRCvwh3y\nHySa81IEjc5qdJrCgFyPEaIotIZ52hHq3YkgrSh+gxmMXf35Fvhcxsdnxp55QiCC\nLCLxcPLc5Q2l33X5KaJM8xIxUXm/mz/KAKPFiODG53pMreCGr3QJUyUZIY4Df5u/\nd2a7veCUg4Fvazx9J3zMb0M16DAcLFN3NQjjLzMuU1efuPl28TOJwJQcKEUPkGOl\na5qg2DDaelsxpmv4Z2XMtg1YTM/0fvaRY4eT2JHzpnX4/ZOgL3bS3YTtuZaNBdS0\nIn6pOACtauQ91wxVWFBZJfUks27L88mXoz+FaQkA3MTPzISeDFckMo1d0yF4jHKl\nPhApdYkhai71qsIwKwltMtJRRdk4tAKfGq9NN9Tz6Wc+qwLhXRM7GXfyLu6Vlalp\nN/IjEZ5hyGG+vWqfNjwu2LMcqTP3EeND15YE7kA7rhyY3HmuS1qxheHtl5YAUUWO\nENF3C4SE87fCDoMXsaijUyifI0pRzqCt2Fgy4yxg9JC+tm4EEzDwZZHSSL2jhN3w\nUO7DEkTmU1nyl47pavUHfxGl2B7ELWqefBX/SNitMncK2d5KO59QLYoEWgek4FL6\nfJmzLeM+CwHF+ZJpDzutG77+NhXtBI46tC/X0oPOOkcYt0Yg3G6JfERsmDMCAwEA\nAQKCAgAet+aN4tKv3BKb6n9lGFp+i7721JsLQitRILzNPd8l61g56FShq2xNO0b5\nEgwo4ofh7RJAKw6ge8lb7eEgAXOCBjTKQWpoFQwVJfL3OmgNsrSsdkwRjWOsd9Aw\nQVA3Ffw3Ob1s19eX7i+CiX+9MrhLMOVxqFSTEt8voXOQN0IkJalzCFqak8JpHstf\no524mYEuy/7LSvR+mqcykhmEO/dYPNCTLmjjnYoV1dm/fy49Y0rsbOzgwY6S3vGt\nKuaOmIr9SXkVQHqvjjlV+cfraI/+QTY4An9DmIIcqPnQSBWQEj6eXorrt8LnBVT/\nG/jRsXBoYDLG6yAOzSuuKzeQbEbFNgDg6MTUt6SpkFIgbpQQRfU4ZY3dL9XDNUJ0\naNuStEN08Y0nmjmv0Uax2jFN5BHJYZJ/df7WyGkPbIIRtSGlfXAEuD+5l33htnFO\nv0MA9IwzhwBsHk+enX2r7WGUAkcaxOMP1xgudBklLmw5ewc4O2OvgSJji4OeuHe4\nnUS04gbzwsLV+2WGmr7izeioVRTWor6zREdQY8PJQ1fWJ91W++bhl5lRcbMFqAD0\nqPeUl8vRhpMVN7/c1R53zA0t8lxV+7EJJ8Mcq1Jq1m3d9x0k4UMDqtBuElFgiHVT\ncBIJfxwWKHfNgv3ZbTkbE6bNMiuLaJbGMf/mlSRtVY2zeHjbAQKCAQEA6i1Kyv9t\nSGhR7oLJsL1o/pPkFI56S+hUfhi+efBLn0LP8ycK+GSDJFMIyFYHk5tUShBEYs9g\ns7iu/mM+7agTATdPa9jGdDmfTsyl8LqTfZIJ9Ng+OYMYHDX8ZtFY5pUpngXDPnqo\nc0Ft4BC9A8HmedGcGCATjbqk4mGPfpUvca29YQOk0QlJmK7vv2G4tbQMcZdBn5rv\nGr8n3iUOM60EEA2yMzOsVSqYNtcGzqNXnf9CHKf3Ke0Zi8DeDh3ceCJmRKexSHZM\nsuA7yeECAytgEqLxHGqb+UidKTcd75ahxbC9AK47Wy0og8tFsh95Q8RBPeZWpWeG\nUgV6Py8q+1HWUwKCAQEAz9ufq1ZhcrkJHAqEy38Th3BZ9nRRHs2tNEpMdg+iQmdI\nNBuS7YbGgObA93obMunyjHCH5QtFGtdAXuOyIiUZ6xt9dREfyb9xoEPd26YOeGMm\nNHr9JzTdqbAHMgnRSCsTjUa6XLcRyCbQViIXtQz0dMYXOZHaf58jtKXtoQNtEt5a\nj5zC/BtEKysy55jDVAhfM75ufmAcjUr8wLsOpYg72N4g2RbBJ3ZzBLZOh1aoslTN\nZLB8ImaGKq0dyIHt3ml/ckrT2j1nAXZsU1Z/pMDlGwS3dkswisQNigMoIQsJoK1c\nqX3QK9XIJzPS3HKjchplXK1oNO+OpLq1BTWKrkI6oQKCAQEAg0eI2mx/U0xIQjHH\n5/EHX1CBWJTXMp64X0h339w6SLon4eRNXhra+g4iqkywSquVgT/FVq9zQs2SLMJu\nkMTcgp4DRC5uctGq4X4QuPefn5GzSzO/DnbTmV0adnl+ISYWAqSwY+JXdOWFN0uq\n6uRU1I4Rt+SjkZzEurR+wTPZOR1xQWXNi/Js889+UAf0iMi7ASMOgu9Ug+YN75dO\ncuHXmThUYifhwIz0cCnzgvxHLiffZDk1cqec3p/s3HUZF7ARLQPlev322YCjg/VE\nL4qtfUUjbg7GCeYPVP+1JI+JeU4vZqZGWELkp53ZIJZMYRUwjgcHJAr5Xhn8Alfq\n/KFQSQKCAQEAhcQRPXKZw/rQofsi+tMM/lyPiMvSaMB0dvJZwqDNC27sSJx2MeZK\nWSonhRxP5LQqI7dHvV9DWcKs6mQef1rhEyzd0Dj0/CD4PutuG60CIver3ppH0LN0\n838VIl6vEIKoUoLx7DjkeKqB6OyH1TxBFeVljOcQdpEzqU4fXz+VMk9meIWp9hSW\nCjIC0Ii/K5U3r1UeRrYTqdpYTrAS/PRvj2FkQlEifQL9gkrQvshGSH3KsMHjIUBZ\nl51RTXhQXJIIMsV1ET3yzD4p+HfyLVT2HC0s5DP/SU5iaC8f5CP2TjFDMNCG567s\n4E25paUhCo1yLfJq3aZNZjXByVhrpzl4AQKCAQEA6XTtuivtKjnotje/JtQ/gpoP\nGIo/f8qB0nXEeMFlg5bNMlBJqFUtyYoTWZqN6Nr0gt4oyrCP9Rp5Q4r6HcTVY4I7\nR4UfBWFcjmNVK9lq58/Mw3ApOQa5bCRo4vzezjCsFQl/LUZDqtRslrgnCLSOUFfq\naS+1OPNZx1klQZ+lztKC31SUyMLYwtncoWoNG9D8g3k/whOSKXCUXqlUpdnAOSRm\nbL+Bt64XkxNW7aN264dkJDhm54rvkUCLbuGHU1FVT6CCFLzMz72GmzDF4XI8wV2A\nWiw4PXeJNyVpa+moERL2nPOp4huGP6BBs4jcDJy296PzfKTdno8eIiXqSiHQMw==\n-----END RSA PRIVATE KEY-----\n",
            "private_key_pem_pkcs8": "-----BEGIN PRIVATE KEY-----\nMIIJRAIBADANBgkqhkiG9w0BAQEFAASCCS4wggkqAgEAAoICAQC+I4ZH/OtFgcCO\nSr4g4F1l/WzdXcKuNbz18XFlUsvFEK/CHfIfJJrzUgSNzmp0msKAXI8Roii0hnna\nEerdiSCtKH6DGYxd/fkW+FzGx2fGnnlCIIIsIvFw8tzlDaXfdfkpokzzEjFReb+b\nP8oAo8WI4Mbnekyt4IavdAlTJRkhjgN/m793Zru94JSDgW9rPH0nfMxvQzXoMBws\nU3c1COMvMy5TV5+4+XbxM4nAlBwoRQ+QY6VrmqDYMNp6WzGma/hnZcy2DVhMz/R+\n9pFjh5PYkfOmdfj9k6AvdtLdhO25lo0F1LQifqk4AK1q5D3XDFVYUFkl9SSzbsvz\nyZejP4VpCQDcxM/MhJ4MVyQyjV3TIXiMcqU+ECl1iSFqLvWqwjArCW0y0lFF2Ti0\nAp8ar0031PPpZz6rAuFdEzsZd/Iu7pWVqWk38iMRnmHIYb69ap82PC7YsxypM/cR\n40PXlgTuQDuuHJjcea5LWrGF4e2XlgBRRY4Q0XcLhITzt8IOgxexqKNTKJ8jSlHO\noK3YWDLjLGD0kL62bgQTMPBlkdJIvaOE3fBQ7sMSROZTWfKXjulq9Qd/EaXYHsQt\nap58Ff9I2K0ydwrZ3ko7n1AtigRaB6TgUvp8mbMt4z4LAcX5kmkPO60bvv42Fe0E\njjq0L9fSg846Rxi3RiDcbol8RGyYMwIDAQABAoICAB635o3i0q/cEpvqf2UYWn6L\nvvbUmwtCK1EgvM093yXrWDnoVKGrbE07RvkSDCjih+HtEkArDqB7yVvt4SABc4IG\nNMpBamgVDBUl8vc6aA2ytKx2TBGNY6x30DBBUDcV/Dc5vWzX15fuL4KJf70yuEsw\n5XGoVJMS3y+hc5A3QiQlqXMIWpqTwmkey1+jnbiZgS7L/stK9H6apzKSGYQ791g8\n0JMuaOOdihXV2b9/Lj1jSuxs7ODBjpLe8a0q5o6Yiv1JeRVAeq+OOVX5x+toj/5B\nNjgCf0OYghyo+dBIFZASPp5eiuu3wucFVP8b+NGxcGhgMsbrIA7NK64rN5BsRsU2\nAODoxNS3pKmQUiBulBBF9Thljd0v1cM1QnRo25K0Q3TxjSeaOa/RRrHaMU3kEclh\nkn91/tbIaQ9sghG1IaV9cAS4P7mXfeG2cU6/QwD0jDOHAGweT56dfavtYZQCRxrE\n4w/XGC50GSUubDl7Bzg7Y6+BImOLg564d7idRLTiBvPCwtX7ZYaavuLN6KhVFNai\nvrNER1Bjw8lDV9Yn3Vb75uGXmVFxswWoAPSo95SXy9GGkxU3v9zVHnfMDS3yXFX7\nsQknwxyrUmrWbd33HSThQwOq0G4SUWCIdVNwEgl/HBYod82C/dltORsTps0yK4to\nlsYx/+aVJG1VjbN4eNsBAoIBAQDqLUrK/21IaFHugsmwvWj+k+QUjnpL6FR+GL55\n8EufQs/zJwr4ZIMkUwjIVgeTm1RKEERiz2CzuK7+Yz7tqBMBN09r2MZ0OZ9OzKXw\nupN9kgn02D45gxgcNfxm0VjmlSmeBcM+eqhzQW3gEL0DweZ50ZwYIBONuqTiYY9+\nlS9xrb1hA6TRCUmYru+/Ybi1tAxxl0Gfmu8avyfeJQ4zrQQQDbIzM6xVKpg21wbO\no1ed/0Icp/cp7RmLwN4OHdx4ImZEp7FIdkyy4DvJ4QIDK2ASovEcapv5SJ0pNx3v\nlqHFsL0ArjtbLSiDy0WyH3lDxEE95lalZ4ZSBXo/Lyr7UdZTAoIBAQDP25+rVmFy\nuQkcCoTLfxOHcFn2dFEeza00Skx2D6JCZ0g0G5LthsaA5sD3ehsy6fKMcIflC0Ua\n10Be47IiJRnrG311ER/Jv3GgQ93bpg54YyY0ev0nNN2psAcyCdFIKxONRrpctxHI\nJtBWIhe1DPR0xhc5kdp/nyO0pe2hA20S3lqPnML8G0QrKzLnmMNUCF8zvm5+YByN\nSvzAuw6liDvY3iDZFsEndnMEtk6HVqiyVM1ksHwiZoYqrR3Ige3eaX9yStPaPWcB\ndmxTVn+kwOUbBLd2SzCKxA2KAyghCwmgrVypfdAr1cgnM9LccqNyGmVcrWg0746k\nurUFNYquQjqhAoIBAQCDR4jabH9TTEhCMcfn8QdfUIFYlNcynrhfSHff3DpIuifh\n5E1eGtr6DiKqTLBKq5WBP8VWr3NCzZIswm6QxNyCngNELm5y0arhfhC495+fkbNL\nM78OdtOZXRp2eX4hJhYCpLBj4ld05YU3S6rq5FTUjhG35KORnMS6tH7BM9k5HXFB\nZc2L8mzzz35QB/SIyLsBIw6C71SD5g3vl05y4deZOFRiJ+HAjPRwKfOC/EcuJ99k\nOTVyp5zen+zcdRkXsBEtA+V6/fbZgKOD9UQviq19RSNuDsYJ5g9U/7Ukj4l5Ti9m\npkZYQuSnndkglkxhFTCOBwckCvleGfwCV+r8oVBJAoIBAQCFxBE9cpnD+tCh+yL6\n0wz+XI+Iy9JowHR28lnCoM0LbuxInHYx5kpZKieFHE/ktCojt0e9X0NZwqzqZB5/\nWuETLN3QOPT8IPg+624brQIi96vemkfQs3TzfxUiXq8QgqhSgvHsOOR4qoHo7IfV\nPEEV5WWM5xB2kTOpTh9fP5UyT2Z4han2FJYKMgLQiL8rlTevVR5GthOp2lhOsBL8\n9G+PYWRCUSJ9Av2CStC+yEZIfcqwweMhQFmXnVFNeFBckggyxXURPfLMPin4d/It\nVPYcLSzkM/9JTmJoLx/kI/ZOMUMw0IbnruzgTbmlpSEKjXIt8mrdpk1mNcHJWGun\nOXgBAoIBAQDpdO26K+0qOei2N78m1D+Cmg8Yij9/yoHSdcR4wWWDls0yUEmoVS3J\nihNZmo3o2vSC3ijKsI/1GnlDivodxNVjgjtHhR8FYVyOY1Ur2Wrnz8zDcCk5Brls\nJGji/N7OMKwVCX8tRkOq1GyWuCcItI5QV+ppL7U481nHWSVBn6XO0oLfVJTIwtjC\n2dyhag0b0PyDeT/CE5IpcJReqVSl2cA5JGZsv4G3rheTE1bto3brh2QkOGbniu+R\nQItu4YdTUVVPoIIUvMzPvYabMMXhcjzBXYBaLDg9d4k3JWlr6agREvac86niG4Y/\noEGziNwMnLb3o/N8pN2ejx4iJepKIdAz\n-----END PRIVATE KEY-----\n",
            "public_key_fingerprint_md5": "88:6e:77:1a:5d:fb:bd:39:0e:76:2f:74:9f:02:2a:19",
            "public_key_fingerprint_sha256": "SHA256:FNdQO++OjA3C0uLNbgEGemHkKskE5gWsu9hLnc6ny7U",
            "public_key_openssh": "ssh-rsa AAAAB3NzaC1yc2EAAAADAQABAAACAQC+I4ZH/OtFgcCOSr4g4F1l/WzdXcKuNbz18XFlUsvFEK/CHfIfJJrzUgSNzmp0msKAXI8Roii0hnnaEerdiSCtKH6DGYxd/fkW+FzGx2fGnnlCIIIsIvFw8tzlDaXfdfkpokzzEjFReb+bP8oAo8WI4Mbnekyt4IavdAlTJRkhjgN/m793Zru94JSDgW9rPH0nfMxvQzXoMBwsU3c1COMvMy5TV5+4+XbxM4nAlBwoRQ+QY6VrmqDYMNp6WzGma/hnZcy2DVhMz/R+9pFjh5PYkfOmdfj9k6AvdtLdhO25lo0F1LQifqk4AK1q5D3XDFVYUFkl9SSzbsvzyZejP4VpCQDcxM/MhJ4MVyQyjV3TIXiMcqU+ECl1iSFqLvWqwjArCW0y0lFF2Ti0Ap8ar0031PPpZz6rAuFdEzsZd/Iu7pWVqWk38iMRnmHIYb69ap82PC7YsxypM/cR40PXlgTuQDuuHJjcea5LWrGF4e2XlgBRRY4Q0XcLhITzt8IOgxexqKNTKJ8jSlHOoK3YWDLjLGD0kL62bgQTMPBlkdJIvaOE3fBQ7sMSROZTWfKXjulq9Qd/EaXYHsQtap58Ff9I2K0ydwrZ3ko7n1AtigRaB6TgUvp8mbMt4z4LAcX5kmkPO60bvv42Fe0Ejjq0L9fSg846Rxi3RiDcbol8RGyYMw==\n",
            "public_key_pem": "-----BEGIN PUBLIC KEY-----\nMIICIjANBgkqhkiG9w0BAQEFAAOCAg8AMIICCgKCAgEAviOGR/zrRYHAjkq+IOBd\nZf1s3V3CrjW89fFxZVLLxRCvwh3yHySa81IEjc5qdJrCgFyPEaIotIZ52hHq3Ykg\nrSh+gxmMXf35Fvhcxsdnxp55QiCCLCLxcPLc5Q2l33X5KaJM8xIxUXm/mz/KAKPF\niODG53pMreCGr3QJUyUZIY4Df5u/d2a7veCUg4Fvazx9J3zMb0M16DAcLFN3NQjj\nLzMuU1efuPl28TOJwJQcKEUPkGOla5qg2DDaelsxpmv4Z2XMtg1YTM/0fvaRY4eT\n2JHzpnX4/ZOgL3bS3YTtuZaNBdS0In6pOACtauQ91wxVWFBZJfUks27L88mXoz+F\naQkA3MTPzISeDFckMo1d0yF4jHKlPhApdYkhai71qsIwKwltMtJRRdk4tAKfGq9N\nN9Tz6Wc+qwLhXRM7GXfyLu6VlalpN/IjEZ5hyGG+vWqfNjwu2LMcqTP3EeND15YE\n7kA7rhyY3HmuS1qxheHtl5YAUUWOENF3C4SE87fCDoMXsaijUyifI0pRzqCt2Fgy\n4yxg9JC+tm4EEzDwZZHSSL2jhN3wUO7DEkTmU1nyl47pavUHfxGl2B7ELWqefBX/\nSNitMncK2d5KO59QLYoEWgek4FL6fJmzLeM+CwHF+ZJpDzutG77+NhXtBI46tC/X\n0oPOOkcYt0Yg3G6JfERsmDMCAwEAAQ==\n-----END PUBLIC KEY-----\n",
            "rsa_bits": 4096
          },
          "sensitive_attributes": [
            [
              {
                "type": "get_attr",
                "value": "private_key_pem_pkcs8"
              }
            ],
            [
              {
                "type": "get_attr",
                "value": "private_key_openssh"
              }
            ],
            [
              {
                "type": "get_attr",
                "value": "private_key_pem"
              }
            ]
          ]
        }
      ]
    }
  ],
  "check_results": null
}
